
Microsoft Visual Studio Solution File, Format Version 12.00
# Visual Studio Version 17
VisualStudioVersion = 17.5.33627.172
MinimumVisualStudioVersion = 10.0.40219.1
Project("{9A19103F-16F7-4668-BE54-9A1E7A4F7556}") = "ReviewApp", "ReviewApp.csproj", "{690FD26A-DDB5-4148-93E3-A09DE9629D49}"
EndProject
Global
	GlobalSection(SolutionConfigurationPlatforms) = preSolution
		Debug|Any CPU = Debug|Any CPU
		Release|Any CPU = Release|Any CPU
	EndGlobalSection
	GlobalSection(ProjectConfigurationPlatforms) = postSolution
		{690FD26A-DDB5-4148-93E3-A09DE9629D49}.Debug|Any CPU.ActiveCfg = Debug|Any CPU
		{690FD26A-DDB5-4148-93E3-A09DE9629D49}.Debug|Any CPU.Build.0 = Debug|Any CPU
		{690FD26A-DDB5-4148-93E3-A09DE9629D49}.Release|Any CPU.ActiveCfg = Release|Any CPU
		{690FD26A-DDB5-4148-93E3-A09DE9629D49}.Release|Any CPU.Build.0 = Release|Any CPU
	EndGlobalSection
	GlobalSection(SolutionProperties) = preSolution
		HideSolutionNode = FALSE
	EndGlobalSection
	GlobalSection(ExtensibilityGlobals) = postSolution
		SolutionGuid = {64A2F842-DA0F-4FFA-BA8C-72B7D01B4AB2}
	EndGlobalSection
EndGlobal
